{
  "nodes": {
    "nix-crx": {
      "locked": {
        "lastModified": 1772900767,
        "narHash": "sha256-fqMNUKA0jSPK4X4Z6U1KRt2uLx8nGpVqV3HuTnvjlZk=",
        "owner": "andreivolt",
        "repo": "nix-crx",
        "rev": "b762b1c21a4ae4b4bff36f5791d721fbebf45920",
        "type": "github"
      },
      "original": {
        "owner": "andreivolt",
        "repo": "nix-crx",
        "type": "github"
      }
    },
    "nixpkgs": {
      "locked": {
        "lastModified": 1769740369,
        "narHash": "sha256-xKPyJoMoXfXpDM5DFDZDsi9PHArf2k5BJjvReYXoFpM=",
        "owner": "NixOS",
        "repo": "nixpkgs",
        "rev": "6308c3b21396534d8aaeac46179c14c439a89b8a",
        "type": "github"
      },
      "original": {
        "owner": "NixOS",
        "ref": "nixpkgs-unstable",
        "repo": "nixpkgs",
        "type": "github"
      }
    },
    "root": {
      "inputs": {
        "nix-crx": "nix-crx",
        "nixpkgs": "nixpkgs"
      }
    }
  },
  "root": "root",
  "version": 7
}
